
Microsoft Visual Studio Solution File, Format Version 12.00
# Visual Studio Version 16
VisualStudioVersion = 16.0.31005.135
MinimumVisualStudioVersion = 10.0.40219.1
Project("{FAE04EC0-301F-11D3-BF4B-00C04F79EFBC}") = "Ejercicio3", "Ejercicio3\Ejercicio3.csproj", "{A2B90EBC-7E8C-494C-A943-FF2B6655BC99}"
EndProject
Global
	GlobalSection(SolutionConfigurationPlatforms) = preSolution
		Debug|Any CPU = Debug|Any CPU
		Release|Any CPU = Release|Any CPU
	EndGlobalSection
	GlobalSection(ProjectConfigurationPlatforms) = postSolution
		{A2B90EBC-7E8C-494C-A943-FF2B6655BC99}.Debug|Any CPU.ActiveCfg = Debug|Any CPU
		{A2B90EBC-7E8C-494C-A943-FF2B6655BC99}.Debug|Any CPU.Build.0 = Debug|Any CPU
		{A2B90EBC-7E8C-494C-A943-FF2B6655BC99}.Release|Any CPU.ActiveCfg = Release|Any CPU
		{A2B90EBC-7E8C-494C-A943-FF2B6655BC99}.Release|Any CPU.Build.0 = Release|Any CPU
	EndGlobalSection
	GlobalSection(SolutionProperties) = preSolution
		HideSolutionNode = FALSE
	EndGlobalSection
	GlobalSection(ExtensibilityGlobals) = postSolution
		SolutionGuid = {DC23A26F-BCBE-4F67-B746-3A24D46C11DE}
	EndGlobalSection
EndGlobal
