
Microsoft Visual Studio Solution File, Format Version 12.00
# Visual Studio Version 16
VisualStudioVersion = 16.0.31005.135
MinimumVisualStudioVersion = 10.0.40219.1
Project("{FAE04EC0-301F-11D3-BF4B-00C04F79EFBC}") = "2)Numero Elevado", "2)Numero Elevado\2)Numero Elevado.csproj", "{29E829B9-FA01-4DA2-82F8-734208332024}"
EndProject
Global
	GlobalSection(SolutionConfigurationPlatforms) = preSolution
		Debug|Any CPU = Debug|Any CPU
		Release|Any CPU = Release|Any CPU
	EndGlobalSection
	GlobalSection(ProjectConfigurationPlatforms) = postSolution
		{29E829B9-FA01-4DA2-82F8-734208332024}.Debug|Any CPU.ActiveCfg = Debug|Any CPU
		{29E829B9-FA01-4DA2-82F8-734208332024}.Debug|Any CPU.Build.0 = Debug|Any CPU
		{29E829B9-FA01-4DA2-82F8-734208332024}.Release|Any CPU.ActiveCfg = Release|Any CPU
		{29E829B9-FA01-4DA2-82F8-734208332024}.Release|Any CPU.Build.0 = Release|Any CPU
	EndGlobalSection
	GlobalSection(SolutionProperties) = preSolution
		HideSolutionNode = FALSE
	EndGlobalSection
	GlobalSection(ExtensibilityGlobals) = postSolution
		SolutionGuid = {9F2EF09E-D51B-46B2-90CE-E0C4FDA321D6}
	EndGlobalSection
EndGlobal
