
Microsoft Visual Studio Solution File, Format Version 12.00
# Visual Studio Version 16
VisualStudioVersion = 16.0.31019.35
MinimumVisualStudioVersion = 10.0.40219.1
Project("{FAE04EC0-301F-11D3-BF4B-00C04F79EFBC}") = "SegundoParcial", "SegundoParcial.csproj", "{C52F0000-2DFE-4142-BD05-1BE8DF0204A0}"
EndProject
Global
	GlobalSection(SolutionConfigurationPlatforms) = preSolution
		Debug|Any CPU = Debug|Any CPU
		Release|Any CPU = Release|Any CPU
	EndGlobalSection
	GlobalSection(ProjectConfigurationPlatforms) = postSolution
		{C52F0000-2DFE-4142-BD05-1BE8DF0204A0}.Debug|Any CPU.ActiveCfg = Debug|Any CPU
		{C52F0000-2DFE-4142-BD05-1BE8DF0204A0}.Debug|Any CPU.Build.0 = Debug|Any CPU
		{C52F0000-2DFE-4142-BD05-1BE8DF0204A0}.Release|Any CPU.ActiveCfg = Release|Any CPU
		{C52F0000-2DFE-4142-BD05-1BE8DF0204A0}.Release|Any CPU.Build.0 = Release|Any CPU
	EndGlobalSection
	GlobalSection(SolutionProperties) = preSolution
		HideSolutionNode = FALSE
	EndGlobalSection
	GlobalSection(ExtensibilityGlobals) = postSolution
		SolutionGuid = {4135B416-3984-4F9B-B80D-CC9615AA2C4A}
	EndGlobalSection
EndGlobal
